// !$*UTF8*$!
{
	archiveVersion = 1;
	classes = {
	};
	objectVersion = 55;
	objects = {

/* Begin PBXBuildFile section */
		C9DB43E92875812700A001C8 /* AppDelegate.swift in Sources */ = {isa = PBXBuildFile; fileRef = C9DB43E82875812700A001C8 /* AppDelegate.swift */; };
		C9DB43EB2875812700A001C8 /* SceneDelegate.swift in Sources */ = {isa = PBXBuildFile; fileRef = C9DB43EA2875812700A001C8 /* SceneDelegate.swift */; };
		C9DB43ED2875812700A001C8 /* ViewController.swift in Sources */ = {isa = PBXBuildFile; fileRef = C9DB43EC2875812700A001C8 /* ViewController.swift */; };
		C9DB43F02875812800A001C8 /* Main.storyboard in Resources */ = {isa = PBXBuildFile; fileRef = C9DB43EE2875812800A001C8 /* Main.storyboard */; };
		C9DB43F22875813200A001C8 /* Assets.xcassets in Resources */ = {isa = PBXBuildFile; fileRef = C9DB43F12875813200A001C8 /* Assets.xcassets */; };
		C9DB43F52875813200A001C8 /* LaunchScreen.storyboard in Resources */ = {isa = PBXBuildFile; fileRef = C9DB43F32875813200A001C8 /* LaunchScreen.storyboard */; };
		C9DB43FD2875823D00A001C8 /* SettingsViewController.swift in Sources */ = {isa = PBXBuildFile; fileRef = C9DB43FC2875823D00A001C8 /* SettingsViewController.swift */; };
		C9DB43FF287582BC00A001C8 /* LeaderBoardViewController.swift in Sources */ = {isa = PBXBuildFile; fileRef = C9DB43FE287582BC00A001C8 /* LeaderBoardViewController.swift */; };
		C9DB4401287582EA00A001C8 /* RoadViewController.swift in Sources */ = {isa = PBXBuildFile; fileRef = C9DB4400287582EA00A001C8 /* RoadViewController.swift */; };
		C9DB44032875831F00A001C8 /* Road.storyboard in Resources */ = {isa = PBXBuildFile; fileRef = C9DB44022875831F00A001C8 /* Road.storyboard */; };
		C9DB4405287586E700A001C8 /* PauseRoadViewController.swift in Sources */ = {isa = PBXBuildFile; fileRef = C9DB4404287586E700A001C8 /* PauseRoadViewController.swift */; };
/* End PBXBuildFile section */

/* Begin PBXFileReference section */
		C9DB43E52875812700A001C8 /* RaceGame.app */ = {isa = PBXFileReference; explicitFileType = wrapper.application; includeInIndex = 0; path = RaceGame.app; sourceTree = BUILT_PRODUCTS_DIR; };
		C9DB43E82875812700A001C8 /* AppDelegate.swift */ = {isa = PBXFileReference; lastKnownFileType = sourcecode.swift; path = AppDelegate.swift; sourceTree = "<group>"; };
		C9DB43EA2875812700A001C8 /* SceneDelegate.swift */ = {isa = PBXFileReference; lastKnownFileType = sourcecode.swift; path = SceneDelegate.swift; sourceTree = "<group>"; };
		C9DB43EC2875812700A001C8 /* ViewController.swift */ = {isa = PBXFileReference; lastKnownFileType = sourcecode.swift; path = ViewController.swift; sourceTree = "<group>"; };
		C9DB43EF2875812800A001C8 /* Base */ = {isa = PBXFileReference; lastKnownFileType = file.storyboard; name = Base; path = Base.lproj/Main.storyboard; sourceTree = "<group>"; };
		C9DB43F12875813200A001C8 /* Assets.xcassets */ = {isa = PBXFileReference; lastKnownFileType = folder.assetcatalog; path = Assets.xcassets; sourceTree = "<group>"; };
		C9DB43F42875813200A001C8 /* Base */ = {isa = PBXFileReference; lastKnownFileType = file.storyboard; name = Base; path = Base.lproj/LaunchScreen.storyboard; sourceTree = "<group>"; };
		C9DB43F62875813200A001C8 /* Info.plist */ = {isa = PBXFileReference; lastKnownFileType = text.plist.xml; path = Info.plist; sourceTree = "<group>"; };
		C9DB43FC2875823D00A001C8 /* SettingsViewController.swift */ = {isa = PBXFileReference; lastKnownFileType = sourcecode.swift; path = SettingsViewController.swift; sourceTree = "<group>"; };
		C9DB43FE287582BC00A001C8 /* LeaderBoardViewController.swift */ = {isa = PBXFileReference; lastKnownFileType = sourcecode.swift; path = LeaderBoardViewController.swift; sourceTree = "<group>"; };
		C9DB4400287582EA00A001C8 /* RoadViewController.swift */ = {isa = PBXFileReference; lastKnownFileType = sourcecode.swift; path = RoadViewController.swift; sourceTree = "<group>"; };
		C9DB44022875831F00A001C8 /* Road.storyboard */ = {isa = PBXFileReference; lastKnownFileType = file.storyboard; path = Road.storyboard; sourceTree = "<group>"; };
		C9DB4404287586E700A001C8 /* PauseRoadViewController.swift */ = {isa = PBXFileReference; lastKnownFileType = sourcecode.swift; path = PauseRoadViewController.swift; sourceTree = "<group>"; };
/* End PBXFileReference section */

/* Begin PBXFrameworksBuildPhase section */
		C9DB43E22875812700A001C8 /* Frameworks */ = {
			isa = PBXFrameworksBuildPhase;
			buildActionMask = 2147483647;
			files = (
			);
			runOnlyForDeploymentPostprocessing = 0;
		};
/* End PBXFrameworksBuildPhase section */

/* Begin PBXGroup section */
		C9DB43DC2875812700A001C8 = {
			isa = PBXGroup;
			children = (
				C9DB43E72875812700A001C8 /* RaceGame */,
				C9DB43E62875812700A001C8 /* Products */,
			);
			sourceTree = "<group>";
		};
		C9DB43E62875812700A001C8 /* Products */ = {
			isa = PBXGroup;
			children = (
				C9DB43E52875812700A001C8 /* RaceGame.app */,
			);
			name = Products;
			sourceTree = "<group>";
		};
		C9DB43E72875812700A001C8 /* RaceGame */ = {
			isa = PBXGroup;
			children = (
				C9DB43E82875812700A001C8 /* AppDelegate.swift */,
				C9DB43EA2875812700A001C8 /* SceneDelegate.swift */,
				C9DB43EC2875812700A001C8 /* ViewController.swift */,
				C9DB43EE2875812800A001C8 /* Main.storyboard */,
				C9DB43FE287582BC00A001C8 /* LeaderBoardViewController.swift */,
				C9DB43FC2875823D00A001C8 /* SettingsViewController.swift */,
				C9DB44022875831F00A001C8 /* Road.storyboard */,
				C9DB4400287582EA00A001C8 /* RoadViewController.swift */,
				C9DB4404287586E700A001C8 /* PauseRoadViewController.swift */,
				C9DB43F12875813200A001C8 /* Assets.xcassets */,
				C9DB43F32875813200A001C8 /* LaunchScreen.storyboard */,
				C9DB43F62875813200A001C8 /* Info.plist */,
			);
			path = RaceGame;
			sourceTree = "<group>";
		};
/* End PBXGroup section */

/* Begin PBXNativeTarget section */
		C9DB43E42875812700A001C8 /* RaceGame */ = {
			isa = PBXNativeTarget;
			buildConfigurationList = C9DB43F92875813200A001C8 /* Build configuration list for PBXNativeTarget "RaceGame" */;
			buildPhases = (
				C9DB43E12875812700A001C8 /* Sources */,
				C9DB43E22875812700A001C8 /* Frameworks */,
				C9DB43E32875812700A001C8 /* Resources */,
			);
			buildRules = (
			);
			dependencies = (
			);
			name = RaceGame;
			productName = RaceGame;
			productReference = C9DB43E52875812700A001C8 /* RaceGame.app */;
			productType = "com.apple.product-type.application";
		};
/* End PBXNativeTarget section */

/* Begin PBXProject section */
		C9DB43DD2875812700A001C8 /* Project object */ = {
			isa = PBXProject;
			attributes = {
				BuildIndependentTargetsInParallel = 1;
				LastSwiftUpdateCheck = 1330;
				LastUpgradeCheck = 1330;
				TargetAttributes = {
					C9DB43E42875812700A001C8 = {
						CreatedOnToolsVersion = 13.3;
					};
				};
			};
			buildConfigurationList = C9DB43E02875812700A001C8 /* Build configuration list for PBXProject "RaceGame" */;
			compatibilityVersion = "Xcode 13.0";
			developmentRegion = en;
			hasScannedForEncodings = 0;
			knownRegions = (
				en,
				Base,
			);
			mainGroup = C9DB43DC2875812700A001C8;
			productRefGroup = C9DB43E62875812700A001C8 /* Products */;
			projectDirPath = "";
			projectRoot = "";
			targets = (
				C9DB43E42875812700A001C8 /* RaceGame */,
			);
		};
/* End PBXProject section */

/* Begin PBXResourcesBuildPhase section */
		C9DB43E32875812700A001C8 /* Resources */ = {
			isa = PBXResourcesBuildPhase;
			buildActionMask = 2147483647;
			files = (
				C9DB44032875831F00A001C8 /* Road.storyboard in Resources */,
				C9DB43F52875813200A001C8 /* LaunchScreen.storyboard in Resources */,
				C9DB43F22875813200A001C8 /* Assets.xcassets in Resources */,
				C9DB43F02875812800A001C8 /* Main.storyboard in Resources */,
			);
			runOnlyForDeploymentPostprocessing = 0;
		};
/* End PBXResourcesBuildPhase section */

/* Begin PBXSourcesBuildPhase section */
		C9DB43E12875812700A001C8 /* Sources */ = {
			isa = PBXSourcesBuildPhase;
			buildActionMask = 2147483647;
			files = (
				C9DB43ED2875812700A001C8 /* ViewController.swift in Sources */,
				C9DB43E92875812700A001C8 /* AppDelegate.swift in Sources */,
				C9DB43EB2875812700A001C8 /* SceneDelegate.swift in Sources */,
				C9DB43FD2875823D00A001C8 /* SettingsViewController.swift in Sources */,
				C9DB4401287582EA00A001C8 /* RoadViewController.swift in Sources */,
				C9DB43FF287582BC00A001C8 /* LeaderBoardViewController.swift in Sources */,
				C9DB4405287586E700A001C8 /* PauseRoadViewController.swift in Sources */,
			);
			runOnlyForDeploymentPostprocessing = 0;
		};
/* End PBXSourcesBuildPhase section */

/* Begin PBXVariantGroup section */
		C9DB43EE2875812800A001C8 /* Main.storyboard */ = {
			isa = PBXVariantGroup;
			children = (
				C9DB43EF2875812800A001C8 /* Base */,
			);
			name = Main.storyboard;
			sourceTree = "<group>";
		};
		C9DB43F32875813200A001C8 /* LaunchScreen.storyboard */ = {
			isa = PBXVariantGroup;
			children = (
				C9DB43F42875813200A001C8 /* Base */,
			);
			name = LaunchScreen.storyboard;
			sourceTree = "<group>";
		};
/* End PBXVariantGroup section */

/* Begin XCBuildConfiguration section */
		C9DB43F72875813200A001C8 /* Debug */ = {
			isa = XCBuildConfiguration;
			buildSettings = {
				ALWAYS_SEARCH_USER_PATHS = NO;
				CLANG_ANALYZER_NONNULL = YES;
				CLANG_ANALYZER_NUMBER_OBJECT_CONVERSION = YES_AGGRESSIVE;
				CLANG_CXX_LANGUAGE_STANDARD = "gnu++17";
				CLANG_ENABLE_MODULES = YES;
				CLANG_ENABLE_OBJC_ARC = YES;
				CLANG_ENABLE_OBJC_WEAK = YES;
				CLANG_WARN_BLOCK_CAPTURE_AUTORELEASING = YES;
				CLANG_WARN_BOOL_CONVERSION = YES;
				CLANG_WARN_COMMA = YES;
				CLANG_WARN_CONSTANT_CONVERSION = YES;
				CLANG_WARN_DEPRECATED_OBJC_IMPLEMENTATIONS = YES;
				CLANG_WARN_DIRECT_OBJC_ISA_USAGE = YES_ERROR;
				CLANG_WARN_DOCUMENTATION_COMMENTS = YES;
				CLANG_WARN_EMPTY_BODY = YES;
				CLANG_WARN_ENUM_CONVERSION = YES;
				CLANG_WARN_INFINITE_RECURSION = YES;
				CLANG_WARN_INT_CONVERSION = YES;
				CLANG_WARN_NON_LITERAL_NULL_CONVERSION = YES;
				CLANG_WARN_OBJC_IMPLICIT_RETAIN_SELF = YES;
				CLANG_WARN_OBJC_LITERAL_CONVERSION = YES;
				CLANG_WARN_OBJC_ROOT_CLASS = YES_ERROR;
				CLANG_WARN_QUOTED_INCLUDE_IN_FRAMEWORK_HEADER = YES;
				CLANG_WARN_RANGE_LOOP_ANALYSIS = YES;
				CLANG_WARN_STRICT_PROTOTYPES = YES;
				CLANG_WARN_SUSPICIOUS_MOVE = YES;
				CLANG_WARN_UNGUARDED_AVAILABILITY = YES_AGGRESSIVE;
				CLANG_WARN_UNREACHABLE_CODE = YES;
				CLANG_WARN__DUPLICATE_METHOD_MATCH = YES;
				COPY_PHASE_STRIP = NO;
				DEBUG_INFORMATION_FORMAT = dwarf;
				ENABLE_STRICT_OBJC_MSGSEND = YES;
				ENABLE_TESTABILITY = YES;
				GCC_C_LANGUAGE_STANDARD = gnu11;
				GCC_DYNAMIC_NO_PIC = NO;
				GCC_NO_COMMON_BLOCKS = YES;
				GCC_OPTIMIZATION_LEVEL = 0;
				GCC_PREPROCESSOR_DEFINITIONS = (
					"DEBUG=1",
					"$(inherited)",
				);
				GCC_WARN_64_TO_32_BIT_CONVERSION = YES;
				GCC_WARN_ABOUT_RETURN_TYPE = YES_ERROR;
				GCC_WARN_UNDECLARED_SELECTOR = YES;
				GCC_WARN_UNINITIALIZED_AUTOS = YES_AGGRESSIVE;
				GCC_WARN_UNUSED_FUNCTION = YES;
				GCC_WARN_UNUSED_VARIABLE = YES;
				IPHONEOS_DEPLOYMENT_TARGET = 15.4;
				MTL_ENABLE_DEBUG_INFO = INCLUDE_SOURCE;
				MTL_FAST_MATH = YES;
				ONLY_ACTIVE_ARCH = YES;
				SDKROOT = iphoneos;
				SWIFT_ACTIVE_COMPILATION_CONDITIONS = DEBUG;
				SWIFT_OPTIMIZATION_LEVEL = "-Onone";
			};
			name = Debug;
		};
		C9DB43F82875813200A001C8 /* Release */ = {
			isa = XCBuildConfiguration;
			buildSettings = {
				ALWAYS_SEARCH_USER_PATHS = NO;
				CLANG_ANALYZER_NONNULL = YES;
				CLANG_ANALYZER_NUMBER_OBJECT_CONVERSION = YES_AGGRESSIVE;
				CLANG_CXX_LANGUAGE_STANDARD = "gnu++17";
				CLANG_ENABLE_MODULES = YES;
				CLANG_ENABLE_OBJC_ARC = YES;
				CLANG_ENABLE_OBJC_WEAK = YES;
				CLANG_WARN_BLOCK_CAPTURE_AUTORELEASING = YES;
				CLANG_WARN_BOOL_CONVERSION = YES;
				CLANG_WARN_COMMA = YES;
				CLANG_WARN_CONSTANT_CONVERSION = YES;
				CLANG_WARN_DEPRECATED_OBJC_IMPLEMENTATIONS = YES;
				CLANG_WARN_DIRECT_OBJC_ISA_USAGE = YES_ERROR;
				CLANG_WARN_DOCUMENTATION_COMMENTS = YES;
				CLANG_WARN_EMPTY_BODY = YES;
				CLANG_WARN_ENUM_CONVERSION = YES;
				CLANG_WARN_INFINITE_RECURSION = YES;
				CLANG_WARN_INT_CONVERSION = YES;
				CLANG_WARN_NON_LITERAL_NULL_CONVERSION = YES;
				CLANG_WARN_OBJC_IMPLICIT_RETAIN_SELF = YES;
				CLANG_WARN_OBJC_LITERAL_CONVERSION = YES;
				CLANG_WARN_OBJC_ROOT_CLASS = YES_ERROR;
				CLANG_WARN_QUOTED_INCLUDE_IN_FRAMEWORK_HEADER = YES;
				CLANG_WARN_RANGE_LOOP_ANALYSIS = YES;
				CLANG_WARN_STRICT_PROTOTYPES = YES;
				CLANG_WARN_SUSPICIOUS_MOVE = YES;
				CLANG_WARN_UNGUARDED_AVAILABILITY = YES_AGGRESSIVE;
				CLANG_WARN_UNREACHABLE_CODE = YES;
				CLANG_WARN__DUPLICATE_METHOD_MATCH = YES;
				COPY_PHASE_STRIP = NO;
				DEBUG_INFORMATION_FORMAT = "dwarf-with-dsym";
				ENABLE_NS_ASSERTIONS = NO;
				ENABLE_STRICT_OBJC_MSGSEND = YES;
				GCC_C_LANGUAGE_STANDARD = gnu11;
				GCC_NO_COMMON_BLOCKS = YES;
				GCC_WARN_64_TO_32_BIT_CONVERSION = YES;
				GCC_WARN_ABOUT_RETURN_TYPE = YES_ERROR;
				GCC_WARN_UNDECLARED_SELECTOR = YES;
				GCC_WARN_UNINITIALIZED_AUTOS = YES_AGGRESSIVE;
				GCC_WARN_UNUSED_FUNCTION = YES;
				GCC_WARN_UNUSED_VARIABLE = YES;
				IPHONEOS_DEPLOYMENT_TARGET = 15.4;
				MTL_ENABLE_DEBUG_INFO = NO;
				MTL_FAST_MATH = YES;
				SDKROOT = iphoneos;
				SWIFT_COMPILATION_MODE = wholemodule;
				SWIFT_OPTIMIZATION_LEVEL = "-O";
				VALIDATE_PRODUCT = YES;
			};
			name = Release;
		};
		C9DB43FA2875813200A001C8 /* Debug */ = {
			isa = XCBuildConfiguration;
			buildSettings = {
				ASSETCATALOG_COMPILER_APPICON_NAME = AppIcon;
				ASSETCATALOG_COMPILER_GLOBAL_ACCENT_COLOR_NAME = AccentColor;
				CODE_SIGN_STYLE = Automatic;
				CURRENT_PROJECT_VERSION = 1;
				DEVELOPMENT_TEAM = 6ZBBJJ3996;
				GENERATE_INFOPLIST_FILE = YES;
				INFOPLIST_FILE = RaceGame/Info.plist;
				INFOPLIST_KEY_UIApplicationSupportsIndirectInputEvents = YES;
				INFOPLIST_KEY_UILaunchStoryboardName = LaunchScreen;
				INFOPLIST_KEY_UIMainStoryboardFile = Main;
				INFOPLIST_KEY_UISupportedInterfaceOrientations_iPad = "UIInterfaceOrientationPortrait UIInterfaceOrientationPortraitUpsideDown UIInterfaceOrientationLandscapeLeft UIInterfaceOrientationLandscapeRight";
				INFOPLIST_KEY_UISupportedInterfaceOrientations_iPhone = "UIInterfaceOrientationPortrait UIInterfaceOrientationLandscapeLeft UIInterfaceOrientationLandscapeRight";
				LD_RUNPATH_SEARCH_PATHS = (
					"$(inherited)",
					"@executable_path/Frameworks",
				);
				MARKETING_VERSION = 1.0;
				PRODUCT_BUNDLE_IDENTIFIER = com.CEZ.RaceGame;
				PRODUCT_NAME = "$(TARGET_NAME)";
				SWIFT_EMIT_LOC_STRINGS = YES;
				SWIFT_VERSION = 5.0;
				TARGETED_DEVICE_FAMILY = "1,2";
			};
			name = Debug;
		};
		C9DB43FB2875813200A001C8 /* Release */ = {
			isa = XCBuildConfiguration;
			buildSettings = {
				ASSETCATALOG_COMPILER_APPICON_NAME = AppIcon;
				ASSETCATALOG_COMPILER_GLOBAL_ACCENT_COLOR_NAME = AccentColor;
				CODE_SIGN_STYLE = Automatic;
				CURRENT_PROJECT_VERSION = 1;
				DEVELOPMENT_TEAM = 6ZBBJJ3996;
				GENERATE_INFOPLIST_FILE = YES;
				INFOPLIST_FILE = RaceGame/Info.plist;
				INFOPLIST_KEY_UIApplicationSupportsIndirectInputEvents = YES;
				INFOPLIST_KEY_UILaunchStoryboardName = LaunchScreen;
				INFOPLIST_KEY_UIMainStoryboardFile = Main;
				INFOPLIST_KEY_UISupportedInterfaceOrientations_iPad = "UIInterfaceOrientationPortrait UIInterfaceOrientationPortraitUpsideDown UIInterfaceOrientationLandscapeLeft UIInterfaceOrientationLandscapeRight";
				INFOPLIST_KEY_UISupportedInterfaceOrientations_iPhone = "UIInterfaceOrientationPortrait UIInterfaceOrientationLandscapeLeft UIInterfaceOrientationLandscapeRight";
				LD_RUNPATH_SEARCH_PATHS = (
					"$(inherited)",
					"@executable_path/Frameworks",
				);
				MARKETING_VERSION = 1.0;
				PRODUCT_BUNDLE_IDENTIFIER = com.CEZ.RaceGame;
				PRODUCT_NAME = "$(TARGET_NAME)";
				SWIFT_EMIT_LOC_STRINGS = YES;
				SWIFT_VERSION = 5.0;
				TARGETED_DEVICE_FAMILY = "1,2";
			};
			name = Release;
		};
/* End XCBuildConfiguration section */

/* Begin XCConfigurationList section */
		C9DB43E02875812700A001C8 /* Build configuration list for PBXProject "RaceGame" */ = {
			isa = XCConfigurationList;
			buildConfigurations = (
				C9DB43F72875813200A001C8 /* Debug */,
				C9DB43F82875813200A001C8 /* Release */,
			);
			defaultConfigurationIsVisible = 0;
			defaultConfigurationName = Release;
		};
		C9DB43F92875813200A001C8 /* Build configuration list for PBXNativeTarget "RaceGame" */ = {
			isa = XCConfigurationList;
			buildConfigurations = (
				C9DB43FA2875813200A001C8 /* Debug */,
				C9DB43FB2875813200A001C8 /* Release */,
			);
			defaultConfigurationIsVisible = 0;
			defaultConfigurationName = Release;
		};
/* End XCConfigurationList section */
	};
	rootObject = C9DB43DD2875812700A001C8 /* Project object */;
}
